// !$*UTF8*$!
{
	archiveVersion = 1;
	classes = {
	};
	objectVersion = 46;
	objects = {

/* Begin PBXBuildFile section */
		2948003E1C4AF85000AEF72A /* TabBar.swift in Sources */ = {isa = PBXBuildFile; fileRef = 2948003D1C4AF85000AEF72A /* TabBar.swift */; };
		29EF91821C4B789D00134E2A /*  v.png in Resources */ = {isa = PBXBuildFile; fileRef = 29EF91811C4B789D00134E2A /*  v.png */; };
		29EF91841C4B79D800134E2A /* intro-01.png in Resources */ = {isa = PBXBuildFile; fileRef = 29EF91831C4B79D800134E2A /* intro-01.png */; };
		29EF91861C4B7A3C00134E2A /* splash.png in Resources */ = {isa = PBXBuildFile; fileRef = 29EF91851C4B7A3C00134E2A /* splash.png */; };
		C2D7478C1C4AD3E7006E7421 /* AppDelegate.swift in Sources */ = {isa = PBXBuildFile; fileRef = C2D7478B1C4AD3E7006E7421 /* AppDelegate.swift */; };
		C2D7478E1C4AD3E7006E7421 /* ViewController.swift in Sources */ = {isa = PBXBuildFile; fileRef = C2D7478D1C4AD3E7006E7421 /* ViewController.swift */; };
		C2D747911C4AD3E7006E7421 /* Main.storyboard in Resources */ = {isa = PBXBuildFile; fileRef = C2D7478F1C4AD3E7006E7421 /* Main.storyboard */; };
		C2D747931C4AD3E7006E7421 /* Assets.xcassets in Resources */ = {isa = PBXBuildFile; fileRef = C2D747921C4AD3E7006E7421 /* Assets.xcassets */; };
		C2D747961C4AD3E7006E7421 /* LaunchScreen.storyboard in Resources */ = {isa = PBXBuildFile; fileRef = C2D747941C4AD3E7006E7421 /* LaunchScreen.storyboard */; };
		C2D747A11C4AD3E7006E7421 /* WarMachineTests.swift in Sources */ = {isa = PBXBuildFile; fileRef = C2D747A01C4AD3E7006E7421 /* WarMachineTests.swift */; };
		C2D747AC1C4AD3E7006E7421 /* WarMachineUITests.swift in Sources */ = {isa = PBXBuildFile; fileRef = C2D747AB1C4AD3E7006E7421 /* WarMachineUITests.swift */; };
		CC9D97751C4B4664008982CD /* SecondViewController.swift in Sources */ = {isa = PBXBuildFile; fileRef = CC9D97741C4B4664008982CD /* SecondViewController.swift */; };
		CC9D97771C4B6358008982CD /* Gif.swift in Sources */ = {isa = PBXBuildFile; fileRef = CC9D97761C4B6358008982CD /* Gif.swift */; };
		CC9D977A1C4B665A008982CD /* mugen.gif in Resources */ = {isa = PBXBuildFile; fileRef = CC9D97791C4B665A008982CD /* mugen.gif */; };
		E1B63AA3677CBB7F227BF0A5 /* Pods_WarMachine.framework in Frameworks */ = {isa = PBXBuildFile; fileRef = 33080D7D8C4DF55333764E66 /* Pods_WarMachine.framework */; };
/* End PBXBuildFile section */

/* Begin PBXContainerItemProxy section */
		C2D7479D1C4AD3E7006E7421 /* PBXContainerItemProxy */ = {
			isa = PBXContainerItemProxy;
			containerPortal = C2D747801C4AD3E6006E7421 /* Project object */;
			proxyType = 1;
			remoteGlobalIDString = C2D747871C4AD3E7006E7421;
			remoteInfo = WarMachine;
		};
		C2D747A81C4AD3E7006E7421 /* PBXContainerItemProxy */ = {
			isa = PBXContainerItemProxy;
			containerPortal = C2D747801C4AD3E6006E7421 /* Project object */;
			proxyType = 1;
			remoteGlobalIDString = C2D747871C4AD3E7006E7421;
			remoteInfo = WarMachine;
		};
/* End PBXContainerItemProxy section */

/* Begin PBXFileReference section */
		2948003D1C4AF85000AEF72A /* TabBar.swift */ = {isa = PBXFileReference; fileEncoding = 4; lastKnownFileType = sourcecode.swift; path = TabBar.swift; sourceTree = "<group>"; };
		29EF91811C4B789D00134E2A /*  v.png */ = {isa = PBXFileReference; lastKnownFileType = image.png; path = " v.png"; sourceTree = "<group>"; };
		29EF91831C4B79D800134E2A /* intro-01.png */ = {isa = PBXFileReference; lastKnownFileType = image.png; path = "intro-01.png"; sourceTree = "<group>"; };
		29EF91851C4B7A3C00134E2A /* splash.png */ = {isa = PBXFileReference; lastKnownFileType = image.png; path = splash.png; sourceTree = "<group>"; };
		33080D7D8C4DF55333764E66 /* Pods_WarMachine.framework */ = {isa = PBXFileReference; explicitFileType = wrapper.framework; includeInIndex = 0; path = Pods_WarMachine.framework; sourceTree = BUILT_PRODUCTS_DIR; };
		68D6C4B36CC6276471FF0ABE /* Pods-WarMachine.debug.xcconfig */ = {isa = PBXFileReference; includeInIndex = 1; lastKnownFileType = text.xcconfig; name = "Pods-WarMachine.debug.xcconfig"; path = "Pods/Target Support Files/Pods-WarMachine/Pods-WarMachine.debug.xcconfig"; sourceTree = "<group>"; };
		733D42761640FA207EA7348E /* Pods-WarMachine.release.xcconfig */ = {isa = PBXFileReference; includeInIndex = 1; lastKnownFileType = text.xcconfig; name = "Pods-WarMachine.release.xcconfig"; path = "Pods/Target Support Files/Pods-WarMachine/Pods-WarMachine.release.xcconfig"; sourceTree = "<group>"; };
		C2D747881C4AD3E7006E7421 /* Nubee.app */ = {isa = PBXFileReference; explicitFileType = wrapper.application; includeInIndex = 0; path = Nubee.app; sourceTree = BUILT_PRODUCTS_DIR; };
		C2D7478B1C4AD3E7006E7421 /* AppDelegate.swift */ = {isa = PBXFileReference; lastKnownFileType = sourcecode.swift; path = AppDelegate.swift; sourceTree = "<group>"; };
		C2D7478D1C4AD3E7006E7421 /* ViewController.swift */ = {isa = PBXFileReference; lastKnownFileType = sourcecode.swift; path = ViewController.swift; sourceTree = "<group>"; };
		C2D747901C4AD3E7006E7421 /* Base */ = {isa = PBXFileReference; lastKnownFileType = file.storyboard; name = Base; path = Base.lproj/Main.storyboard; sourceTree = "<group>"; };
		C2D747921C4AD3E7006E7421 /* Assets.xcassets */ = {isa = PBXFileReference; lastKnownFileType = folder.assetcatalog; path = Assets.xcassets; sourceTree = "<group>"; };
		C2D747951C4AD3E7006E7421 /* Base */ = {isa = PBXFileReference; lastKnownFileType = file.storyboard; name = Base; path = Base.lproj/LaunchScreen.storyboard; sourceTree = "<group>"; };
		C2D747971C4AD3E7006E7421 /* Info.plist */ = {isa = PBXFileReference; lastKnownFileType = text.plist.xml; path = Info.plist; sourceTree = "<group>"; };
		C2D7479C1C4AD3E7006E7421 /* Nubee.xctest */ = {isa = PBXFileReference; explicitFileType = wrapper.cfbundle; includeInIndex = 0; path = Nubee.xctest; sourceTree = BUILT_PRODUCTS_DIR; };
		C2D747A01C4AD3E7006E7421 /* WarMachineTests.swift */ = {isa = PBXFileReference; lastKnownFileType = sourcecode.swift; path = WarMachineTests.swift; sourceTree = "<group>"; };
		C2D747A21C4AD3E7006E7421 /* Info.plist */ = {isa = PBXFileReference; lastKnownFileType = text.plist.xml; path = Info.plist; sourceTree = "<group>"; };
		C2D747A71C4AD3E7006E7421 /* Nubee.xctest */ = {isa = PBXFileReference; explicitFileType = wrapper.cfbundle; includeInIndex = 0; path = Nubee.xctest; sourceTree = BUILT_PRODUCTS_DIR; };
		C2D747AB1C4AD3E7006E7421 /* WarMachineUITests.swift */ = {isa = PBXFileReference; lastKnownFileType = sourcecode.swift; path = WarMachineUITests.swift; sourceTree = "<group>"; };
		C2D747AD1C4AD3E7006E7421 /* Info.plist */ = {isa = PBXFileReference; lastKnownFileType = text.plist.xml; path = Info.plist; sourceTree = "<group>"; };
		CC9D97741C4B4664008982CD /* SecondViewController.swift */ = {isa = PBXFileReference; fileEncoding = 4; lastKnownFileType = sourcecode.swift; path = SecondViewController.swift; sourceTree = "<group>"; };
		CC9D97761C4B6358008982CD /* Gif.swift */ = {isa = PBXFileReference; fileEncoding = 4; lastKnownFileType = sourcecode.swift; path = Gif.swift; sourceTree = "<group>"; };
		CC9D97791C4B665A008982CD /* mugen.gif */ = {isa = PBXFileReference; lastKnownFileType = image.gif; path = mugen.gif; sourceTree = "<group>"; };
/* End PBXFileReference section */

/* Begin PBXFrameworksBuildPhase section */
		C2D747851C4AD3E7006E7421 /* Frameworks */ = {
			isa = PBXFrameworksBuildPhase;
			buildActionMask = 2147483647;
			files = (
				E1B63AA3677CBB7F227BF0A5 /* Pods_WarMachine.framework in Frameworks */,
			);
			runOnlyForDeploymentPostprocessing = 0;
		};
		C2D747991C4AD3E7006E7421 /* Frameworks */ = {
			isa = PBXFrameworksBuildPhase;
			buildActionMask = 2147483647;
			files = (
			);
			runOnlyForDeploymentPostprocessing = 0;
		};
		C2D747A41C4AD3E7006E7421 /* Frameworks */ = {
			isa = PBXFrameworksBuildPhase;
			buildActionMask = 2147483647;
			files = (
			);
			runOnlyForDeploymentPostprocessing = 0;
		};
/* End PBXFrameworksBuildPhase section */

/* Begin PBXGroup section */
		54935096FBF39D727AAC8AD1 /* Pods */ = {
			isa = PBXGroup;
			children = (
				68D6C4B36CC6276471FF0ABE /* Pods-WarMachine.debug.xcconfig */,
				733D42761640FA207EA7348E /* Pods-WarMachine.release.xcconfig */,
			);
			name = Pods;
			sourceTree = "<group>";
		};
		9F5D249859A2A0DDA49E6997 /* Frameworks */ = {
			isa = PBXGroup;
			children = (
				33080D7D8C4DF55333764E66 /* Pods_WarMachine.framework */,
			);
			name = Frameworks;
			sourceTree = "<group>";
		};
		C2D7477F1C4AD3E6006E7421 = {
			isa = PBXGroup;
			children = (
				C2D7478A1C4AD3E7006E7421 /* WarMachine */,
				C2D7479F1C4AD3E7006E7421 /* WarMachineTests */,
				C2D747AA1C4AD3E7006E7421 /* WarMachineUITests */,
				C2D747891C4AD3E7006E7421 /* Products */,
				54935096FBF39D727AAC8AD1 /* Pods */,
				9F5D249859A2A0DDA49E6997 /* Frameworks */,
			);
			sourceTree = "<group>";
		};
		C2D747891C4AD3E7006E7421 /* Products */ = {
			isa = PBXGroup;
			children = (
				C2D747881C4AD3E7006E7421 /* Nubee.app */,
				C2D7479C1C4AD3E7006E7421 /* Nubee.xctest */,
				C2D747A71C4AD3E7006E7421 /* Nubee.xctest */,
			);
			name = Products;
			sourceTree = "<group>";
		};
		C2D7478A1C4AD3E7006E7421 /* WarMachine */ = {
			isa = PBXGroup;
			children = (
				CC9D97781C4B663F008982CD /* Resources */,
				C2D7478B1C4AD3E7006E7421 /* AppDelegate.swift */,
				C2D7478D1C4AD3E7006E7421 /* ViewController.swift */,
				CC9D97741C4B4664008982CD /* SecondViewController.swift */,
				C2D7478F1C4AD3E7006E7421 /* Main.storyboard */,
				2948003D1C4AF85000AEF72A /* TabBar.swift */,
				29EF91831C4B79D800134E2A /* intro-01.png */,
				C2D747921C4AD3E7006E7421 /* Assets.xcassets */,
				C2D747941C4AD3E7006E7421 /* LaunchScreen.storyboard */,
				C2D747971C4AD3E7006E7421 /* Info.plist */,
				CC9D97761C4B6358008982CD /* Gif.swift */,
			);
			path = WarMachine;
			sourceTree = "<group>";
		};
		C2D7479F1C4AD3E7006E7421 /* WarMachineTests */ = {
			isa = PBXGroup;
			children = (
				C2D747A01C4AD3E7006E7421 /* WarMachineTests.swift */,
				C2D747A21C4AD3E7006E7421 /* Info.plist */,
			);
			path = WarMachineTests;
			sourceTree = "<group>";
		};
		C2D747AA1C4AD3E7006E7421 /* WarMachineUITests */ = {
			isa = PBXGroup;
			children = (
				C2D747AB1C4AD3E7006E7421 /* WarMachineUITests.swift */,
				C2D747AD1C4AD3E7006E7421 /* Info.plist */,
			);
			path = WarMachineUITests;
			sourceTree = "<group>";
		};
		CC9D97781C4B663F008982CD /* Resources */ = {
			isa = PBXGroup;
			children = (
				29EF91811C4B789D00134E2A /*  v.png */,
				CC9D97791C4B665A008982CD /* mugen.gif */,
				29EF91851C4B7A3C00134E2A /* splash.png */,
			);
			name = Resources;
			sourceTree = "<group>";
		};
/* End PBXGroup section */

/* Begin PBXNativeTarget section */
		C2D747871C4AD3E7006E7421 /* Nubee */ = {
			isa = PBXNativeTarget;
			buildConfigurationList = C2D747B01C4AD3E7006E7421 /* Build configuration list for PBXNativeTarget "Nubee" */;
			buildPhases = (
				F23A0CE2B79067644C8738E4 /* Check Pods Manifest.lock */,
				C2D747841C4AD3E7006E7421 /* Sources */,
				C2D747851C4AD3E7006E7421 /* Frameworks */,
				C2D747861C4AD3E7006E7421 /* Resources */,
				A3F77AF5F7C8600EBC8C284C /* Embed Pods Frameworks */,
				2DDFD116F4446B7F4B890421 /* Copy Pods Resources */,
			);
			buildRules = (
			);
			dependencies = (
			);
			name = Nubee;
			productName = WarMachine;
			productReference = C2D747881C4AD3E7006E7421 /* Nubee.app */;
			productType = "com.apple.product-type.application";
		};
		C2D7479B1C4AD3E7006E7421 /* NubeeTests */ = {
			isa = PBXNativeTarget;
			buildConfigurationList = C2D747B31C4AD3E7006E7421 /* Build configuration list for PBXNativeTarget "NubeeTests" */;
			buildPhases = (
				C2D747981C4AD3E7006E7421 /* Sources */,
				C2D747991C4AD3E7006E7421 /* Frameworks */,
				C2D7479A1C4AD3E7006E7421 /* Resources */,
			);
			buildRules = (
			);
			dependencies = (
				C2D7479E1C4AD3E7006E7421 /* PBXTargetDependency */,
			);
			name = NubeeTests;
			productName = WarMachineTests;
			productReference = C2D7479C1C4AD3E7006E7421 /* Nubee.xctest */;
			productType = "com.apple.product-type.bundle.unit-test";
		};
		C2D747A61C4AD3E7006E7421 /* NubeeUITests */ = {
			isa = PBXNativeTarget;
			buildConfigurationList = C2D747B61C4AD3E7006E7421 /* Build configuration list for PBXNativeTarget "NubeeUITests" */;
			buildPhases = (
				C2D747A31C4AD3E7006E7421 /* Sources */,
				C2D747A41C4AD3E7006E7421 /* Frameworks */,
				C2D747A51C4AD3E7006E7421 /* Resources */,
			);
			buildRules = (
			);
			dependencies = (
				C2D747A91C4AD3E7006E7421 /* PBXTargetDependency */,
			);
			name = NubeeUITests;
			productName = WarMachineUITests;
			productReference = C2D747A71C4AD3E7006E7421 /* Nubee.xctest */;
			productType = "com.apple.product-type.bundle.ui-testing";
		};
/* End PBXNativeTarget section */

/* Begin PBXProject section */
		C2D747801C4AD3E6006E7421 /* Project object */ = {
			isa = PBXProject;
			attributes = {
				LastSwiftUpdateCheck = 0720;
				LastUpgradeCheck = 0720;
				ORGANIZATIONNAME = "Lucas Farah";
				TargetAttributes = {
					C2D747871C4AD3E7006E7421 = {
						CreatedOnToolsVersion = 7.2;
					};
					C2D7479B1C4AD3E7006E7421 = {
						CreatedOnToolsVersion = 7.2;
						TestTargetID = C2D747871C4AD3E7006E7421;
					};
					C2D747A61C4AD3E7006E7421 = {
						CreatedOnToolsVersion = 7.2;
						TestTargetID = C2D747871C4AD3E7006E7421;
					};
				};
			};
			buildConfigurationList = C2D747831C4AD3E6006E7421 /* Build configuration list for PBXProject "Nubee" */;
			compatibilityVersion = "Xcode 3.2";
			developmentRegion = English;
			hasScannedForEncodings = 0;
			knownRegions = (
				en,
				Base,
			);
			mainGroup = C2D7477F1C4AD3E6006E7421;
			productRefGroup = C2D747891C4AD3E7006E7421 /* Products */;
			projectDirPath = "";
			projectRoot = "";
			targets = (
				C2D747871C4AD3E7006E7421 /* Nubee */,
				C2D7479B1C4AD3E7006E7421 /* NubeeTests */,
				C2D747A61C4AD3E7006E7421 /* NubeeUITests */,
			);
		};
/* End PBXProject section */

/* Begin PBXResourcesBuildPhase section */
		C2D747861C4AD3E7006E7421 /* Resources */ = {
			isa = PBXResourcesBuildPhase;
			buildActionMask = 2147483647;
			files = (
				C2D747961C4AD3E7006E7421 /* LaunchScreen.storyboard in Resources */,
				CC9D977A1C4B665A008982CD /* mugen.gif in Resources */,
				C2D747931C4AD3E7006E7421 /* Assets.xcassets in Resources */,
				29EF91861C4B7A3C00134E2A /* splash.png in Resources */,
				29EF91841C4B79D800134E2A /* intro-01.png in Resources */,
				29EF91821C4B789D00134E2A /*  v.png in Resources */,
				C2D747911C4AD3E7006E7421 /* Main.storyboard in Resources */,
			);
			runOnlyForDeploymentPostprocessing = 0;
		};
		C2D7479A1C4AD3E7006E7421 /* Resources */ = {
			isa = PBXResourcesBuildPhase;
			buildActionMask = 2147483647;
			files = (
			);
			runOnlyForDeploymentPostprocessing = 0;
		};
		C2D747A51C4AD3E7006E7421 /* Resources */ = {
			isa = PBXResourcesBuildPhase;
			buildActionMask = 2147483647;
			files = (
			);
			runOnlyForDeploymentPostprocessing = 0;
		};
/* End PBXResourcesBuildPhase section */

/* Begin PBXShellScriptBuildPhase section */
		2DDFD116F4446B7F4B890421 /* Copy Pods Resources */ = {
			isa = PBXShellScriptBuildPhase;
			buildActionMask = 2147483647;
			files = (
			);
			inputPaths = (
			);
			name = "Copy Pods Resources";
			outputPaths = (
			);
			runOnlyForDeploymentPostprocessing = 0;
			shellPath = /bin/sh;
			shellScript = "\"${SRCROOT}/Pods/Target Support Files/Pods-WarMachine/Pods-WarMachine-resources.sh\"\n";
			showEnvVarsInLog = 0;
		};
		A3F77AF5F7C8600EBC8C284C /* Embed Pods Frameworks */ = {
			isa = PBXShellScriptBuildPhase;
			buildActionMask = 2147483647;
			files = (
			);
			inputPaths = (
			);
			name = "Embed Pods Frameworks";
			outputPaths = (
			);
			runOnlyForDeploymentPostprocessing = 0;
			shellPath = /bin/sh;
			shellScript = "\"${SRCROOT}/Pods/Target Support Files/Pods-WarMachine/Pods-WarMachine-frameworks.sh\"\n";
			showEnvVarsInLog = 0;
		};
		F23A0CE2B79067644C8738E4 /* Check Pods Manifest.lock */ = {
			isa = PBXShellScriptBuildPhase;
			buildActionMask = 2147483647;
			files = (
			);
			inputPaths = (
			);
			name = "Check Pods Manifest.lock";
			outputPaths = (
			);
			runOnlyForDeploymentPostprocessing = 0;
			shellPath = /bin/sh;
			shellScript = "diff \"${PODS_ROOT}/../Podfile.lock\" \"${PODS_ROOT}/Manifest.lock\" > /dev/null\nif [[ $? != 0 ]] ; then\n    cat << EOM\nerror: The sandbox is not in sync with the Podfile.lock. Run 'pod install' or update your CocoaPods installation.\nEOM\n    exit 1\nfi\n";
			showEnvVarsInLog = 0;
		};
/* End PBXShellScriptBuildPhase section */

/* Begin PBXSourcesBuildPhase section */
		C2D747841C4AD3E7006E7421 /* Sources */ = {
			isa = PBXSourcesBuildPhase;
			buildActionMask = 2147483647;
			files = (
				2948003E1C4AF85000AEF72A /* TabBar.swift in Sources */,
				CC9D97751C4B4664008982CD /* SecondViewController.swift in Sources */,
				C2D7478E1C4AD3E7006E7421 /* ViewController.swift in Sources */,
				C2D7478C1C4AD3E7006E7421 /* AppDelegate.swift in Sources */,
				CC9D97771C4B6358008982CD /* Gif.swift in Sources */,
			);
			runOnlyForDeploymentPostprocessing = 0;
		};
		C2D747981C4AD3E7006E7421 /* Sources */ = {
			isa = PBXSourcesBuildPhase;
			buildActionMask = 2147483647;
			files = (
				C2D747A11C4AD3E7006E7421 /* WarMachineTests.swift in Sources */,
			);
			runOnlyForDeploymentPostprocessing = 0;
		};
		C2D747A31C4AD3E7006E7421 /* Sources */ = {
			isa = PBXSourcesBuildPhase;
			buildActionMask = 2147483647;
			files = (
				C2D747AC1C4AD3E7006E7421 /* WarMachineUITests.swift in Sources */,
			);
			runOnlyForDeploymentPostprocessing = 0;
		};
/* End PBXSourcesBuildPhase section */

/* Begin PBXTargetDependency section */
		C2D7479E1C4AD3E7006E7421 /* PBXTargetDependency */ = {
			isa = PBXTargetDependency;
			target = C2D747871C4AD3E7006E7421 /* Nubee */;
			targetProxy = C2D7479D1C4AD3E7006E7421 /* PBXContainerItemProxy */;
		};
		C2D747A91C4AD3E7006E7421 /* PBXTargetDependency */ = {
			isa = PBXTargetDependency;
			target = C2D747871C4AD3E7006E7421 /* Nubee */;
			targetProxy = C2D747A81C4AD3E7006E7421 /* PBXContainerItemProxy */;
		};
/* End PBXTargetDependency section */

/* Begin PBXVariantGroup section */
		C2D7478F1C4AD3E7006E7421 /* Main.storyboard */ = {
			isa = PBXVariantGroup;
			children = (
				C2D747901C4AD3E7006E7421 /* Base */,
			);
			name = Main.storyboard;
			sourceTree = "<group>";
		};
		C2D747941C4AD3E7006E7421 /* LaunchScreen.storyboard */ = {
			isa = PBXVariantGroup;
			children = (
				C2D747951C4AD3E7006E7421 /* Base */,
			);
			name = LaunchScreen.storyboard;
			sourceTree = "<group>";
		};
/* End PBXVariantGroup section */

/* Begin XCBuildConfiguration section */
		C2D747AE1C4AD3E7006E7421 /* Debug */ = {
			isa = XCBuildConfiguration;
			buildSettings = {
				ALWAYS_SEARCH_USER_PATHS = NO;
				CLANG_CXX_LANGUAGE_STANDARD = "gnu++0x";
				CLANG_CXX_LIBRARY = "libc++";
				CLANG_ENABLE_MODULES = YES;
				CLANG_ENABLE_OBJC_ARC = YES;
				CLANG_WARN_BOOL_CONVERSION = YES;
				CLANG_WARN_CONSTANT_CONVERSION = YES;
				CLANG_WARN_DIRECT_OBJC_ISA_USAGE = YES_ERROR;
				CLANG_WARN_EMPTY_BODY = YES;
				CLANG_WARN_ENUM_CONVERSION = YES;
				CLANG_WARN_INT_CONVERSION = YES;
				CLANG_WARN_OBJC_ROOT_CLASS = YES_ERROR;
				CLANG_WARN_UNREACHABLE_CODE = YES;
				CLANG_WARN__DUPLICATE_METHOD_MATCH = YES;
				"CODE_SIGN_IDENTITY[sdk=iphoneos*]" = "iPhone Developer";
				COPY_PHASE_STRIP = NO;
				DEBUG_INFORMATION_FORMAT = dwarf;
				ENABLE_STRICT_OBJC_MSGSEND = YES;
				ENABLE_TESTABILITY = YES;
				GCC_C_LANGUAGE_STANDARD = gnu99;
				GCC_DYNAMIC_NO_PIC = NO;
				GCC_NO_COMMON_BLOCKS = YES;
				GCC_OPTIMIZATION_LEVEL = 0;
				GCC_PREPROCESSOR_DEFINITIONS = (
					"DEBUG=1",
					"$(inherited)",
				);
				GCC_WARN_64_TO_32_BIT_CONVERSION = YES;
				GCC_WARN_ABOUT_RETURN_TYPE = YES_ERROR;
				GCC_WARN_UNDECLARED_SELECTOR = YES;
				GCC_WARN_UNINITIALIZED_AUTOS = YES_AGGRESSIVE;
				GCC_WARN_UNUSED_FUNCTION = YES;
				GCC_WARN_UNUSED_VARIABLE = YES;
				IPHONEOS_DEPLOYMENT_TARGET = 9.2;
				MTL_ENABLE_DEBUG_INFO = YES;
				ONLY_ACTIVE_ARCH = YES;
				SDKROOT = iphoneos;
				SWIFT_OPTIMIZATION_LEVEL = "-Onone";
			};
			name = Debug;
		};
		C2D747AF1C4AD3E7006E7421 /* Release */ = {
			isa = XCBuildConfiguration;
			buildSettings = {
				ALWAYS_SEARCH_USER_PATHS = NO;
				CLANG_CXX_LANGUAGE_STANDARD = "gnu++0x";
				CLANG_CXX_LIBRARY = "libc++";
				CLANG_ENABLE_MODULES = YES;
				CLANG_ENABLE_OBJC_ARC = YES;
				CLANG_WARN_BOOL_CONVERSION = YES;
				CLANG_WARN_CONSTANT_CONVERSION = YES;
				CLANG_WARN_DIRECT_OBJC_ISA_USAGE = YES_ERROR;
				CLANG_WARN_EMPTY_BODY = YES;
				CLANG_WARN_ENUM_CONVERSION = YES;
				CLANG_WARN_INT_CONVERSION = YES;
				CLANG_WARN_OBJC_ROOT_CLASS = YES_ERROR;
				CLANG_WARN_UNREACHABLE_CODE = YES;
				CLANG_WARN__DUPLICATE_METHOD_MATCH = YES;
				"CODE_SIGN_IDENTITY[sdk=iphoneos*]" = "iPhone Developer";
				COPY_PHASE_STRIP = NO;
				DEBUG_INFORMATION_FORMAT = "dwarf-with-dsym";
				ENABLE_NS_ASSERTIONS = NO;
				ENABLE_STRICT_OBJC_MSGSEND = YES;
				GCC_C_LANGUAGE_STANDARD = gnu99;
				GCC_NO_COMMON_BLOCKS = YES;
				GCC_WARN_64_TO_32_BIT_CONVERSION = YES;
				GCC_WARN_ABOUT_RETURN_TYPE = YES_ERROR;
				GCC_WARN_UNDECLARED_SELECTOR = YES;
				GCC_WARN_UNINITIALIZED_AUTOS = YES_AGGRESSIVE;
				GCC_WARN_UNUSED_FUNCTION = YES;
				GCC_WARN_UNUSED_VARIABLE = YES;
				IPHONEOS_DEPLOYMENT_TARGET = 9.2;
				MTL_ENABLE_DEBUG_INFO = NO;
				SDKROOT = iphoneos;
				VALIDATE_PRODUCT = YES;
			};
			name = Release;
		};
		C2D747B11C4AD3E7006E7421 /* Debug */ = {
			isa = XCBuildConfiguration;
			baseConfigurationReference = 68D6C4B36CC6276471FF0ABE /* Pods-WarMachine.debug.xcconfig */;
			buildSettings = {
				ASSETCATALOG_COMPILER_APPICON_NAME = AppIcon;
				INFOPLIST_FILE = WarMachine/Info.plist;
				IPHONEOS_DEPLOYMENT_TARGET = 9.0;
				LD_RUNPATH_SEARCH_PATHS = "$(inherited) @executable_path/Frameworks";
				PRODUCT_BUNDLE_IDENTIFIER = farah.lucas.WarMachine;
				PRODUCT_NAME = Nubee;
			};
			name = Debug;
		};
		C2D747B21C4AD3E7006E7421 /* Release */ = {
			isa = XCBuildConfiguration;
			baseConfigurationReference = 733D42761640FA207EA7348E /* Pods-WarMachine.release.xcconfig */;
			buildSettings = {
				ASSETCATALOG_COMPILER_APPICON_NAME = AppIcon;
				INFOPLIST_FILE = WarMachine/Info.plist;
				IPHONEOS_DEPLOYMENT_TARGET = 9.0;
				LD_RUNPATH_SEARCH_PATHS = "$(inherited) @executable_path/Frameworks";
				PRODUCT_BUNDLE_IDENTIFIER = farah.lucas.WarMachine;
				PRODUCT_NAME = Nubee;
			};
			name = Release;
		};
		C2D747B41C4AD3E7006E7421 /* Debug */ = {
			isa = XCBuildConfiguration;
			buildSettings = {
				BUNDLE_LOADER = "$(TEST_HOST)";
				INFOPLIST_FILE = WarMachineTests/Info.plist;
				LD_RUNPATH_SEARCH_PATHS = "$(inherited) @executable_path/Frameworks @loader_path/Frameworks";
				PRODUCT_BUNDLE_IDENTIFIER = farah.lucas.WarMachineTests;
				PRODUCT_NAME = Nubee;
				TEST_HOST = "$(BUILT_PRODUCTS_DIR)/Nubee.app/Nubee";
			};
			name = Debug;
		};
		C2D747B51C4AD3E7006E7421 /* Release */ = {
			isa = XCBuildConfiguration;
			buildSettings = {
				BUNDLE_LOADER = "$(TEST_HOST)";
				INFOPLIST_FILE = WarMachineTests/Info.plist;
				LD_RUNPATH_SEARCH_PATHS = "$(inherited) @executable_path/Frameworks @loader_path/Frameworks";
				PRODUCT_BUNDLE_IDENTIFIER = farah.lucas.WarMachineTests;
				PRODUCT_NAME = Nubee;
				TEST_HOST = "$(BUILT_PRODUCTS_DIR)/Nubee.app/Nubee";
			};
			name = Release;
		};
		C2D747B71C4AD3E7006E7421 /* Debug */ = {
			isa = XCBuildConfiguration;
			buildSettings = {
				INFOPLIST_FILE = WarMachineUITests/Info.plist;
				LD_RUNPATH_SEARCH_PATHS = "$(inherited) @executable_path/Frameworks @loader_path/Frameworks";
				PRODUCT_BUNDLE_IDENTIFIER = farah.lucas.WarMachineUITests;
				PRODUCT_NAME = Nubee;
				TEST_TARGET_NAME = WarMachine;
				USES_XCTRUNNER = YES;
			};
			name = Debug;
		};
		C2D747B81C4AD3E7006E7421 /* Release */ = {
			isa = XCBuildConfiguration;
			buildSettings = {
				INFOPLIST_FILE = WarMachineUITests/Info.plist;
				LD_RUNPATH_SEARCH_PATHS = "$(inherited) @executable_path/Frameworks @loader_path/Frameworks";
				PRODUCT_BUNDLE_IDENTIFIER = farah.lucas.WarMachineUITests;
				PRODUCT_NAME = Nubee;
				TEST_TARGET_NAME = WarMachine;
				USES_XCTRUNNER = YES;
			};
			name = Release;
		};
/* End XCBuildConfiguration section */

/* Begin XCConfigurationList section */
		C2D747831C4AD3E6006E7421 /* Build configuration list for PBXProject "Nubee" */ = {
			isa = XCConfigurationList;
			buildConfigurations = (
				C2D747AE1C4AD3E7006E7421 /* Debug */,
				C2D747AF1C4AD3E7006E7421 /* Release */,
			);
			defaultConfigurationIsVisible = 0;
			defaultConfigurationName = Release;
		};
		C2D747B01C4AD3E7006E7421 /* Build configuration list for PBXNativeTarget "Nubee" */ = {
			isa = XCConfigurationList;
			buildConfigurations = (
				C2D747B11C4AD3E7006E7421 /* Debug */,
				C2D747B21C4AD3E7006E7421 /* Release */,
			);
			defaultConfigurationIsVisible = 0;
			defaultConfigurationName = Release;
		};
		C2D747B31C4AD3E7006E7421 /* Build configuration list for PBXNativeTarget "NubeeTests" */ = {
			isa = XCConfigurationList;
			buildConfigurations = (
				C2D747B41C4AD3E7006E7421 /* Debug */,
				C2D747B51C4AD3E7006E7421 /* Release */,
			);
			defaultConfigurationIsVisible = 0;
			defaultConfigurationName = Release;
		};
		C2D747B61C4AD3E7006E7421 /* Build configuration list for PBXNativeTarget "NubeeUITests" */ = {
			isa = XCConfigurationList;
			buildConfigurations = (
				C2D747B71C4AD3E7006E7421 /* Debug */,
				C2D747B81C4AD3E7006E7421 /* Release */,
			);
			defaultConfigurationIsVisible = 0;
			defaultConfigurationName = Release;
		};
/* End XCConfigurationList section */
	};
	rootObject = C2D747801C4AD3E6006E7421 /* Project object */;
}
