PODS:
  - EZSwiftExtensions (1.0.5)
  - SAParallaxViewControllerSwift (1.3.0)

DEPENDENCIES:
  - EZSwiftExtensions
  - SAParallaxViewControllerSwift

SPEC CHECKSUMS:
  EZSwiftExtensions: b4369331aa7a0fcfca8bb7d2467567bcd237f083
  SAParallaxViewControllerSwift: 36c7e84862c5840452200e234e54709789c7d830

COCOAPODS: 0.39.0
